
Microsoft Visual Studio Solution File, Format Version 12.00
# Visual Studio Version 17
VisualStudioVersion = 17.2.32526.322
MinimumVisualStudioVersion = 10.0.40219.1
Project("{9A19103F-16F7-4668-BE54-9A1E7A4F7556}") = "tdb.common", "tdb.common\tdb.common.csproj", "{E2AE91ED-812F-4E64-88DD-B224B0FE62B7}"
EndProject
Project("{9A19103F-16F7-4668-BE54-9A1E7A4F7556}") = "tdb.jwt", "tdb.jwt\tdb.jwt.csproj", "{427625C4-8F45-4765-A29B-25B2093F5D12}"
EndProject
Project("{9A19103F-16F7-4668-BE54-9A1E7A4F7556}") = "tdb.nlog", "tdb.nlog\tdb.nlog.csproj", "{097D906C-FC31-4A30-921E-6662A87D4A81}"
EndProject
Project("{9A19103F-16F7-4668-BE54-9A1E7A4F7556}") = "tdb.test", "tdb.test\tdb.test.csproj", "{AF91F470-1E91-42C2-BE18-3D24D70C5953}"
EndProject
Project("{9A19103F-16F7-4668-BE54-9A1E7A4F7556}") = "tdb.csredis", "tdb.csredis\tdb.csredis.csproj", "{A9348C21-BDA5-4806-A77F-D4DE50930A6C}"
EndProject
Project("{9A19103F-16F7-4668-BE54-9A1E7A4F7556}") = "tdb.consul.services", "tdb.consul.services\tdb.consul.services.csproj", "{1105418D-2AC1-4AE3-9D9A-C9DE49DC521D}"
EndProject
Project("{9A19103F-16F7-4668-BE54-9A1E7A4F7556}") = "tdb.consul.kv", "tdb.consul.kv\tdb.consul.kv.csproj", "{B9380048-42DD-4B54-805F-56D33DB23316}"
EndProject
Project("{9A19103F-16F7-4668-BE54-9A1E7A4F7556}") = "tdb.nlog.mysql", "tdb.nlog.mysql\tdb.nlog.mysql.csproj", "{6BC7CB9E-B71A-421B-93D6-09D1A8DBD0CA}"
EndProject
Project("{9A19103F-16F7-4668-BE54-9A1E7A4F7556}") = "tdb.appsettings", "tdb.appsettings\tdb.appsettings.csproj", "{6CF2F95D-C917-40F2-8AD5-794612C688D2}"
EndProject
Global
	GlobalSection(SolutionConfigurationPlatforms) = preSolution
		Debug|Any CPU = Debug|Any CPU
		Release|Any CPU = Release|Any CPU
	EndGlobalSection
	GlobalSection(ProjectConfigurationPlatforms) = postSolution
		{E2AE91ED-812F-4E64-88DD-B224B0FE62B7}.Debug|Any CPU.ActiveCfg = Debug|Any CPU
		{E2AE91ED-812F-4E64-88DD-B224B0FE62B7}.Debug|Any CPU.Build.0 = Debug|Any CPU
		{E2AE91ED-812F-4E64-88DD-B224B0FE62B7}.Release|Any CPU.ActiveCfg = Release|Any CPU
		{E2AE91ED-812F-4E64-88DD-B224B0FE62B7}.Release|Any CPU.Build.0 = Release|Any CPU
		{427625C4-8F45-4765-A29B-25B2093F5D12}.Debug|Any CPU.ActiveCfg = Debug|Any CPU
		{427625C4-8F45-4765-A29B-25B2093F5D12}.Debug|Any CPU.Build.0 = Debug|Any CPU
		{427625C4-8F45-4765-A29B-25B2093F5D12}.Release|Any CPU.ActiveCfg = Release|Any CPU
		{427625C4-8F45-4765-A29B-25B2093F5D12}.Release|Any CPU.Build.0 = Release|Any CPU
		{097D906C-FC31-4A30-921E-6662A87D4A81}.Debug|Any CPU.ActiveCfg = Debug|Any CPU
		{097D906C-FC31-4A30-921E-6662A87D4A81}.Debug|Any CPU.Build.0 = Debug|Any CPU
		{097D906C-FC31-4A30-921E-6662A87D4A81}.Release|Any CPU.ActiveCfg = Release|Any CPU
		{097D906C-FC31-4A30-921E-6662A87D4A81}.Release|Any CPU.Build.0 = Release|Any CPU
		{AF91F470-1E91-42C2-BE18-3D24D70C5953}.Debug|Any CPU.ActiveCfg = Debug|Any CPU
		{AF91F470-1E91-42C2-BE18-3D24D70C5953}.Debug|Any CPU.Build.0 = Debug|Any CPU
		{AF91F470-1E91-42C2-BE18-3D24D70C5953}.Release|Any CPU.ActiveCfg = Release|Any CPU
		{AF91F470-1E91-42C2-BE18-3D24D70C5953}.Release|Any CPU.Build.0 = Release|Any CPU
		{A9348C21-BDA5-4806-A77F-D4DE50930A6C}.Debug|Any CPU.ActiveCfg = Debug|Any CPU
		{A9348C21-BDA5-4806-A77F-D4DE50930A6C}.Debug|Any CPU.Build.0 = Debug|Any CPU
		{A9348C21-BDA5-4806-A77F-D4DE50930A6C}.Release|Any CPU.ActiveCfg = Release|Any CPU
		{A9348C21-BDA5-4806-A77F-D4DE50930A6C}.Release|Any CPU.Build.0 = Release|Any CPU
		{1105418D-2AC1-4AE3-9D9A-C9DE49DC521D}.Debug|Any CPU.ActiveCfg = Debug|Any CPU
		{1105418D-2AC1-4AE3-9D9A-C9DE49DC521D}.Debug|Any CPU.Build.0 = Debug|Any CPU
		{1105418D-2AC1-4AE3-9D9A-C9DE49DC521D}.Release|Any CPU.ActiveCfg = Release|Any CPU
		{1105418D-2AC1-4AE3-9D9A-C9DE49DC521D}.Release|Any CPU.Build.0 = Release|Any CPU
		{B9380048-42DD-4B54-805F-56D33DB23316}.Debug|Any CPU.ActiveCfg = Debug|Any CPU
		{B9380048-42DD-4B54-805F-56D33DB23316}.Debug|Any CPU.Build.0 = Debug|Any CPU
		{B9380048-42DD-4B54-805F-56D33DB23316}.Release|Any CPU.ActiveCfg = Release|Any CPU
		{B9380048-42DD-4B54-805F-56D33DB23316}.Release|Any CPU.Build.0 = Release|Any CPU
		{6BC7CB9E-B71A-421B-93D6-09D1A8DBD0CA}.Debug|Any CPU.ActiveCfg = Debug|Any CPU
		{6BC7CB9E-B71A-421B-93D6-09D1A8DBD0CA}.Debug|Any CPU.Build.0 = Debug|Any CPU
		{6BC7CB9E-B71A-421B-93D6-09D1A8DBD0CA}.Release|Any CPU.ActiveCfg = Release|Any CPU
		{6BC7CB9E-B71A-421B-93D6-09D1A8DBD0CA}.Release|Any CPU.Build.0 = Release|Any CPU
		{6CF2F95D-C917-40F2-8AD5-794612C688D2}.Debug|Any CPU.ActiveCfg = Debug|Any CPU
		{6CF2F95D-C917-40F2-8AD5-794612C688D2}.Debug|Any CPU.Build.0 = Debug|Any CPU
		{6CF2F95D-C917-40F2-8AD5-794612C688D2}.Release|Any CPU.ActiveCfg = Release|Any CPU
		{6CF2F95D-C917-40F2-8AD5-794612C688D2}.Release|Any CPU.Build.0 = Release|Any CPU
	EndGlobalSection
	GlobalSection(SolutionProperties) = preSolution
		HideSolutionNode = FALSE
	EndGlobalSection
	GlobalSection(ExtensibilityGlobals) = postSolution
		SolutionGuid = {5FAAE61C-8834-4EFF-B057-C416818BCB61}
	EndGlobalSection
EndGlobal
